PODS:
  - Alamofire (4.4.0)

DEPENDENCIES:
  - Alamofire (from `https://github.com/Alamofire/Alamofire`, tag `swift4`)

EXTERNAL SOURCES:
  Alamofire:
    :git: https://github.com/Alamofire/Alamofire
    :tag: swift4

CHECKOUT OPTIONS:
  Alamofire:
    :git: https://github.com/Alamofire/Alamofire
    :tag: swift4

SPEC CHECKSUMS:
  Alamofire: 4c2bf7fa03c4a626163606de0a417568c270575e

PODFILE CHECKSUM: 2aab76a063b652510d4f5e5e5364f7461672cf56

COCOAPODS: 1.2.1.beta.1
